
Microsoft Visual Studio Solution File, Format Version 11.00
# Visual Studio 2010
Project("{FAE04EC0-301F-11D3-BF4B-00C04F79EFBC}") = "Assembly-CSharp", "Assembly-CSharp.csproj", "{20ED8B39-CCD0-5F96-FCBC-C8C79E2AFAFF}"
EndProject
Global
	GlobalSection(SolutionConfigurationPlatforms) = preSolution
		Debug|Any CPU = Debug|Any CPU
		Release|Any CPU = Release|Any CPU
	EndGlobalSection
	GlobalSection(ProjectConfigurationPlatforms) = postSolution
		{20ED8B39-CCD0-5F96-FCBC-C8C79E2AFAFF}.Debug|Any CPU.ActiveCfg = Debug|Any CPU
		{20ED8B39-CCD0-5F96-FCBC-C8C79E2AFAFF}.Debug|Any CPU.Build.0 = Debug|Any CPU
		{20ED8B39-CCD0-5F96-FCBC-C8C79E2AFAFF}.Release|Any CPU.ActiveCfg = Release|Any CPU
		{20ED8B39-CCD0-5F96-FCBC-C8C79E2AFAFF}.Release|Any CPU.Build.0 = Release|Any CPU
	EndGlobalSection
	GlobalSection(SolutionProperties) = preSolution
		HideSolutionNode = FALSE
	EndGlobalSection
EndGlobal
